// !$*UTF8*$!
{
	archiveVersion = 1;
	classes = {
	};
	objectVersion = 77;
	objects = {

/* Begin PBXBuildFile section */
		026A2E6C2E4D011600F64031 /* ShazamKit.framework in Frameworks */ = {isa = PBXBuildFile; fileRef = 026A2E6B2E4D011600F64031 /* ShazamKit.framework */; };
		026A2E6E2E4D012100F64031 /* AVFoundation.framework in Frameworks */ = {isa = PBXBuildFile; fileRef = 026A2E6D2E4D012100F64031 /* AVFoundation.framework */; };
/* End PBXBuildFile section */

/* Begin PBXContainerItemProxy section */
		026A2E4E2E4D005100F64031 /* PBXContainerItemProxy */ = {
			isa = PBXContainerItemProxy;
			containerPortal = 026A2E382E4D004900F64031 /* Project object */;
			proxyType = 1;
			remoteGlobalIDString = 026A2E3F2E4D004900F64031;
			remoteInfo = "DCDC APP POC";
		};
		026A2E582E4D005100F64031 /* PBXContainerItemProxy */ = {
			isa = PBXContainerItemProxy;
			containerPortal = 026A2E382E4D004900F64031 /* Project object */;
			proxyType = 1;
			remoteGlobalIDString = 026A2E3F2E4D004900F64031;
			remoteInfo = "DCDC APP POC";
		};
/* End PBXContainerItemProxy section */

/* Begin PBXFileReference section */
		026A2E402E4D004900F64031 /* DCDC APP POC.app */ = {isa = PBXFileReference; explicitFileType = wrapper.application; includeInIndex = 0; path = "DCDC APP POC.app"; sourceTree = BUILT_PRODUCTS_DIR; };
		026A2E4D2E4D005100F64031 /* DCDC APP POCTests.xctest */ = {isa = PBXFileReference; explicitFileType = wrapper.cfbundle; includeInIndex = 0; path = "DCDC APP POCTests.xctest"; sourceTree = BUILT_PRODUCTS_DIR; };
		026A2E572E4D005100F64031 /* DCDC APP POCUITests.xctest */ = {isa = PBXFileReference; explicitFileType = wrapper.cfbundle; includeInIndex = 0; path = "DCDC APP POCUITests.xctest"; sourceTree = BUILT_PRODUCTS_DIR; };
		026A2E6B2E4D011600F64031 /* ShazamKit.framework */ = {isa = PBXFileReference; lastKnownFileType = wrapper.framework; name = ShazamKit.framework; path = System/Library/Frameworks/ShazamKit.framework; sourceTree = SDKROOT; };
		026A2E6D2E4D012100F64031 /* AVFoundation.framework */ = {isa = PBXFileReference; lastKnownFileType = wrapper.framework; name = AVFoundation.framework; path = System/Library/Frameworks/AVFoundation.framework; sourceTree = SDKROOT; };
		02FF377B2E728FA5004801EA /* DCDC APP POC.xctestplan */ = {isa = PBXFileReference; lastKnownFileType = text; path = "DCDC APP POC.xctestplan"; sourceTree = "<group>"; };
/* End PBXFileReference section */

/* Begin PBXFileSystemSynchronizedRootGroup section */
		026A2E422E4D004900F64031 /* DCDC APP POC */ = {
			isa = PBXFileSystemSynchronizedRootGroup;
			path = "DCDC APP POC";
			sourceTree = "<group>";
		};
		026A2E502E4D005100F64031 /* DCDC APP POCTests */ = {
			isa = PBXFileSystemSynchronizedRootGroup;
			path = "DCDC APP POCTests";
			sourceTree = "<group>";
		};
		026A2E5A2E4D005100F64031 /* DCDC APP POCUITests */ = {
			isa = PBXFileSystemSynchronizedRootGroup;
			path = "DCDC APP POCUITests";
			sourceTree = "<group>";
		};
/* End PBXFileSystemSynchronizedRootGroup section */

/* Begin PBXFrameworksBuildPhase section */
		026A2E3D2E4D004900F64031 /* Frameworks */ = {
			isa = PBXFrameworksBuildPhase;
			buildActionMask = 2147483647;
			files = (
				026A2E6E2E4D012100F64031 /* AVFoundation.framework in Frameworks */,
				026A2E6C2E4D011600F64031 /* ShazamKit.framework in Frameworks */,
			);
			runOnlyForDeploymentPostprocessing = 0;
		};
		026A2E4A2E4D005100F64031 /* Frameworks */ = {
			isa = PBXFrameworksBuildPhase;
			buildActionMask = 2147483647;
			files = (
			);
			runOnlyForDeploymentPostprocessing = 0;
		};
		026A2E542E4D005100F64031 /* Frameworks */ = {
			isa = PBXFrameworksBuildPhase;
			buildActionMask = 2147483647;
			files = (
			);
			runOnlyForDeploymentPostprocessing = 0;
		};
/* End PBXFrameworksBuildPhase section */

/* Begin PBXGroup section */
		026A2E372E4D004900F64031 = {
			isa = PBXGroup;
			children = (
				02FF377B2E728FA5004801EA /* DCDC APP POC.xctestplan */,
				026A2E422E4D004900F64031 /* DCDC APP POC */,
				026A2E502E4D005100F64031 /* DCDC APP POCTests */,
				026A2E5A2E4D005100F64031 /* DCDC APP POCUITests */,
				026A2E6A2E4D011600F64031 /* Frameworks */,
				026A2E412E4D004900F64031 /* Products */,
			);
			sourceTree = "<group>";
		};
		026A2E412E4D004900F64031 /* Products */ = {
			isa = PBXGroup;
			children = (
				026A2E402E4D004900F64031 /* DCDC APP POC.app */,
				026A2E4D2E4D005100F64031 /* DCDC APP POCTests.xctest */,
				026A2E572E4D005100F64031 /* DCDC APP POCUITests.xctest */,
			);
			name = Products;
			sourceTree = "<group>";
		};
		026A2E6A2E4D011600F64031 /* Frameworks */ = {
			isa = PBXGroup;
			children = (
				026A2E6D2E4D012100F64031 /* AVFoundation.framework */,
				026A2E6B2E4D011600F64031 /* ShazamKit.framework */,
			);
			name = Frameworks;
			sourceTree = "<group>";
		};
/* End PBXGroup section */

/* Begin PBXNativeTarget section */
		026A2E3F2E4D004900F64031 /* DCDC APP POC */ = {
			isa = PBXNativeTarget;
			buildConfigurationList = 026A2E612E4D005100F64031 /* Build configuration list for PBXNativeTarget "DCDC APP POC" */;
			buildPhases = (
				026A2E3C2E4D004900F64031 /* Sources */,
				026A2E3D2E4D004900F64031 /* Frameworks */,
				026A2E3E2E4D004900F64031 /* Resources */,
			);
			buildRules = (
			);
			dependencies = (
			);
			fileSystemSynchronizedGroups = (
				026A2E422E4D004900F64031 /* DCDC APP POC */,
			);
			name = "DCDC APP POC";
			packageProductDependencies = (
			);
			productName = "DCDC APP POC";
			productReference = 026A2E402E4D004900F64031 /* DCDC APP POC.app */;
			productType = "com.apple.product-type.application";
		};
		026A2E4C2E4D005100F64031 /* DCDC APP POCTests */ = {
			isa = PBXNativeTarget;
			buildConfigurationList = 026A2E642E4D005100F64031 /* Build configuration list for PBXNativeTarget "DCDC APP POCTests" */;
			buildPhases = (
				026A2E492E4D005100F64031 /* Sources */,
				026A2E4A2E4D005100F64031 /* Frameworks */,
				026A2E4B2E4D005100F64031 /* Resources */,
			);
			buildRules = (
			);
			dependencies = (
				026A2E4F2E4D005100F64031 /* PBXTargetDependency */,
			);
			fileSystemSynchronizedGroups = (
				026A2E502E4D005100F64031 /* DCDC APP POCTests */,
			);
			name = "DCDC APP POCTests";
			packageProductDependencies = (
			);
			productName = "DCDC APP POCTests";
			productReference = 026A2E4D2E4D005100F64031 /* DCDC APP POCTests.xctest */;
			productType = "com.apple.product-type.bundle.unit-test";
		};
		026A2E562E4D005100F64031 /* DCDC APP POCUITests */ = {
			isa = PBXNativeTarget;
			buildConfigurationList = 026A2E672E4D005100F64031 /* Build configuration list for PBXNativeTarget "DCDC APP POCUITests" */;
			buildPhases = (
				026A2E532E4D005100F64031 /* Sources */,
				026A2E542E4D005100F64031 /* Frameworks */,
				026A2E552E4D005100F64031 /* Resources */,
			);
			buildRules = (
			);
			dependencies = (
				026A2E592E4D005100F64031 /* PBXTargetDependency */,
			);
			fileSystemSynchronizedGroups = (
				026A2E5A2E4D005100F64031 /* DCDC APP POCUITests */,
			);
			name = "DCDC APP POCUITests";
			packageProductDependencies = (
			);
			productName = "DCDC APP POCUITests";
			productReference = 026A2E572E4D005100F64031 /* DCDC APP POCUITests.xctest */;
			productType = "com.apple.product-type.bundle.ui-testing";
		};
/* End PBXNativeTarget section */

/* Begin PBXProject section */
		026A2E382E4D004900F64031 /* Project object */ = {
			isa = PBXProject;
			attributes = {
				BuildIndependentTargetsInParallel = 1;
				LastSwiftUpdateCheck = 1640;
				LastUpgradeCheck = 1640;
				TargetAttributes = {
					026A2E3F2E4D004900F64031 = {
						CreatedOnToolsVersion = 16.4;
					};
					026A2E4C2E4D005100F64031 = {
						CreatedOnToolsVersion = 16.4;
						TestTargetID = 026A2E3F2E4D004900F64031;
					};
					026A2E562E4D005100F64031 = {
						CreatedOnToolsVersion = 16.4;
						TestTargetID = 026A2E3F2E4D004900F64031;
					};
				};
			};
			buildConfigurationList = 026A2E3B2E4D004900F64031 /* Build configuration list for PBXProject "DCDC APP POC" */;
			developmentRegion = en;
			hasScannedForEncodings = 0;
			knownRegions = (
				en,
				Base,
			);
			mainGroup = 026A2E372E4D004900F64031;
			minimizedProjectReferenceProxies = 1;
			preferredProjectObjectVersion = 77;
			productRefGroup = 026A2E412E4D004900F64031 /* Products */;
			projectDirPath = "";
			projectRoot = "";
			targets = (
				026A2E3F2E4D004900F64031 /* DCDC APP POC */,
				026A2E4C2E4D005100F64031 /* DCDC APP POCTests */,
				026A2E562E4D005100F64031 /* DCDC APP POCUITests */,
			);
		};
/* End PBXProject section */

/* Begin PBXResourcesBuildPhase section */
		026A2E3E2E4D004900F64031 /* Resources */ = {
			isa = PBXResourcesBuildPhase;
			buildActionMask = 2147483647;
			files = (
			);
			runOnlyForDeploymentPostprocessing = 0;
		};
		026A2E4B2E4D005100F64031 /* Resources */ = {
			isa = PBXResourcesBuildPhase;
			buildActionMask = 2147483647;
			files = (
			);
			runOnlyForDeploymentPostprocessing = 0;
		};
		026A2E552E4D005100F64031 /* Resources */ = {
			isa = PBXResourcesBuildPhase;
			buildActionMask = 2147483647;
			files = (
			);
			runOnlyForDeploymentPostprocessing = 0;
		};
/* End PBXResourcesBuildPhase section */

/* Begin PBXSourcesBuildPhase section */
		026A2E3C2E4D004900F64031 /* Sources */ = {
			isa = PBXSourcesBuildPhase;
			buildActionMask = 2147483647;
			files = (
			);
			runOnlyForDeploymentPostprocessing = 0;
		};
		026A2E492E4D005100F64031 /* Sources */ = {
			isa = PBXSourcesBuildPhase;
			buildActionMask = 2147483647;
			files = (
			);
			runOnlyForDeploymentPostprocessing = 0;
		};
		026A2E532E4D005100F64031 /* Sources */ = {
			isa = PBXSourcesBuildPhase;
			buildActionMask = 2147483647;
			files = (
			);
			runOnlyForDeploymentPostprocessing = 0;
		};
/* End PBXSourcesBuildPhase section */

/* Begin PBXTargetDependency section */
		026A2E4F2E4D005100F64031 /* PBXTargetDependency */ = {
			isa = PBXTargetDependency;
			target = 026A2E3F2E4D004900F64031 /* DCDC APP POC */;
			targetProxy = 026A2E4E2E4D005100F64031 /* PBXContainerItemProxy */;
		};
		026A2E592E4D005100F64031 /* PBXTargetDependency */ = {
			isa = PBXTargetDependency;
			target = 026A2E3F2E4D004900F64031 /* DCDC APP POC */;
			targetProxy = 026A2E582E4D005100F64031 /* PBXContainerItemProxy */;
		};
/* End PBXTargetDependency section */

/* Begin XCBuildConfiguration section */
		026A2E5F2E4D005100F64031 /* Debug */ = {
			isa = XCBuildConfiguration;
			buildSettings = {
				ALWAYS_SEARCH_USER_PATHS = NO;
				ASSETCATALOG_COMPILER_GENERATE_SWIFT_ASSET_SYMBOL_EXTENSIONS = YES;
				CLANG_ANALYZER_NONNULL = YES;
				CLANG_ANALYZER_NUMBER_OBJECT_CONVERSION = YES_AGGRESSIVE;
				CLANG_CXX_LANGUAGE_STANDARD = "gnu++20";
				CLANG_ENABLE_MODULES = YES;
				CLANG_ENABLE_OBJC_ARC = YES;
				CLANG_ENABLE_OBJC_WEAK = YES;
				CLANG_WARN_BLOCK_CAPTURE_AUTORELEASING = YES;
				CLANG_WARN_BOOL_CONVERSION = YES;
				CLANG_WARN_COMMA = YES;
				CLANG_WARN_CONSTANT_CONVERSION = YES;
				CLANG_WARN_DEPRECATED_OBJC_IMPLEMENTATIONS = YES;
				CLANG_WARN_DIRECT_OBJC_ISA_USAGE = YES_ERROR;
				CLANG_WARN_DOCUMENTATION_COMMENTS = YES;
				CLANG_WARN_EMPTY_BODY = YES;
				CLANG_WARN_ENUM_CONVERSION = YES;
				CLANG_WARN_INFINITE_RECURSION = YES;
				CLANG_WARN_INT_CONVERSION = YES;
				CLANG_WARN_NON_LITERAL_NULL_CONVERSION = YES;
				CLANG_WARN_OBJC_IMPLICIT_RETAIN_SELF = YES;
				CLANG_WARN_OBJC_LITERAL_CONVERSION = YES;
				CLANG_WARN_OBJC_ROOT_CLASS = YES_ERROR;
				CLANG_WARN_QUOTED_INCLUDE_IN_FRAMEWORK_HEADER = YES;
				CLANG_WARN_RANGE_LOOP_ANALYSIS = YES;
				CLANG_WARN_STRICT_PROTOTYPES = YES;
				CLANG_WARN_SUSPICIOUS_MOVE = YES;
				CLANG_WARN_UNGUARDED_AVAILABILITY = YES_AGGRESSIVE;
				CLANG_WARN_UNREACHABLE_CODE = YES;
				CLANG_WARN__DUPLICATE_METHOD_MATCH = YES;
				COPY_PHASE_STRIP = NO;
				DEBUG_INFORMATION_FORMAT = dwarf;
				DEVELOPMENT_TEAM = GQURW6RWC6;
				ENABLE_STRICT_OBJC_MSGSEND = YES;
				ENABLE_TESTABILITY = YES;
				ENABLE_USER_SCRIPT_SANDBOXING = YES;
				GCC_C_LANGUAGE_STANDARD = gnu17;
				GCC_DYNAMIC_NO_PIC = NO;
				GCC_NO_COMMON_BLOCKS = YES;
				GCC_OPTIMIZATION_LEVEL = 0;
				GCC_PREPROCESSOR_DEFINITIONS = (
					"DEBUG=1",
					"$(inherited)",
				);
				GCC_WARN_64_TO_32_BIT_CONVERSION = YES;
				GCC_WARN_ABOUT_RETURN_TYPE = YES_ERROR;
				GCC_WARN_UNDECLARED_SELECTOR = YES;
				GCC_WARN_UNINITIALIZED_AUTOS = YES_AGGRESSIVE;
				GCC_WARN_UNUSED_FUNCTION = YES;
				GCC_WARN_UNUSED_VARIABLE = YES;
				IPHONEOS_DEPLOYMENT_TARGET = 18.5;
				LOCALIZATION_PREFERS_STRING_CATALOGS = YES;
				MTL_ENABLE_DEBUG_INFO = INCLUDE_SOURCE;
				MTL_FAST_MATH = YES;
				ONLY_ACTIVE_ARCH = YES;
				SDKROOT = iphoneos;
				SWIFT_ACTIVE_COMPILATION_CONDITIONS = "DEBUG $(inherited)";
				SWIFT_OPTIMIZATION_LEVEL = "-Onone";
				companyName = "Coderise Technologies Inc.";
			};
			name = Debug;
		};
		026A2E602E4D005100F64031 /* Release */ = {
			isa = XCBuildConfiguration;
			buildSettings = {
				ALWAYS_SEARCH_USER_PATHS = NO;
				ASSETCATALOG_COMPILER_GENERATE_SWIFT_ASSET_SYMBOL_EXTENSIONS = YES;
				CLANG_ANALYZER_NONNULL = YES;
				CLANG_ANALYZER_NUMBER_OBJECT_CONVERSION = YES_AGGRESSIVE;
				CLANG_CXX_LANGUAGE_STANDARD = "gnu++20";
				CLANG_ENABLE_MODULES = YES;
				CLANG_ENABLE_OBJC_ARC = YES;
				CLANG_ENABLE_OBJC_WEAK = YES;
				CLANG_WARN_BLOCK_CAPTURE_AUTORELEASING = YES;
				CLANG_WARN_BOOL_CONVERSION = YES;
				CLANG_WARN_COMMA = YES;
				CLANG_WARN_CONSTANT_CONVERSION = YES;
				CLANG_WARN_DEPRECATED_OBJC_IMPLEMENTATIONS = YES;
				CLANG_WARN_DIRECT_OBJC_ISA_USAGE = YES_ERROR;
				CLANG_WARN_DOCUMENTATION_COMMENTS = YES;
				CLANG_WARN_EMPTY_BODY = YES;
				CLANG_WARN_ENUM_CONVERSION = YES;
				CLANG_WARN_INFINITE_RECURSION = YES;
				CLANG_WARN_INT_CONVERSION = YES;
				CLANG_WARN_NON_LITERAL_NULL_CONVERSION = YES;
				CLANG_WARN_OBJC_IMPLICIT_RETAIN_SELF = YES;
				CLANG_WARN_OBJC_LITERAL_CONVERSION = YES;
				CLANG_WARN_OBJC_ROOT_CLASS = YES_ERROR;
				CLANG_WARN_QUOTED_INCLUDE_IN_FRAMEWORK_HEADER = YES;
				CLANG_WARN_RANGE_LOOP_ANALYSIS = YES;
				CLANG_WARN_STRICT_PROTOTYPES = YES;
				CLANG_WARN_SUSPICIOUS_MOVE = YES;
				CLANG_WARN_UNGUARDED_AVAILABILITY = YES_AGGRESSIVE;
				CLANG_WARN_UNREACHABLE_CODE = YES;
				CLANG_WARN__DUPLICATE_METHOD_MATCH = YES;
				COPY_PHASE_STRIP = NO;
				DEBUG_INFORMATION_FORMAT = "dwarf-with-dsym";
				DEVELOPMENT_TEAM = GQURW6RWC6;
				ENABLE_NS_ASSERTIONS = NO;
				ENABLE_STRICT_OBJC_MSGSEND = YES;
				ENABLE_USER_SCRIPT_SANDBOXING = YES;
				GCC_C_LANGUAGE_STANDARD = gnu17;
				GCC_NO_COMMON_BLOCKS = YES;
				GCC_WARN_64_TO_32_BIT_CONVERSION = YES;
				GCC_WARN_ABOUT_RETURN_TYPE = YES_ERROR;
				GCC_WARN_UNDECLARED_SELECTOR = YES;
				GCC_WARN_UNINITIALIZED_AUTOS = YES_AGGRESSIVE;
				GCC_WARN_UNUSED_FUNCTION = YES;
				GCC_WARN_UNUSED_VARIABLE = YES;
				IPHONEOS_DEPLOYMENT_TARGET = 18.5;
				LOCALIZATION_PREFERS_STRING_CATALOGS = YES;
				MTL_ENABLE_DEBUG_INFO = NO;
				MTL_FAST_MATH = YES;
				SDKROOT = iphoneos;
				SWIFT_COMPILATION_MODE = wholemodule;
				VALIDATE_PRODUCT = YES;
				companyName = "Coderise Technologies Inc.";
			};
			name = Release;
		};
		026A2E622E4D005100F64031 /* Debug */ = {
			isa = XCBuildConfiguration;
			buildSettings = {
				ASSETCATALOG_COMPILER_APPICON_NAME = AppIcon;
				ASSETCATALOG_COMPILER_GLOBAL_ACCENT_COLOR_NAME = AccentColor;
				CODE_SIGN_IDENTITY = "Apple Development";
				CODE_SIGN_STYLE = Automatic;
				CURRENT_PROJECT_VERSION = 1;
				DEVELOPMENT_ASSET_PATHS = "";
				DEVELOPMENT_TEAM = 9292Q3JYVD;
				ENABLE_PREVIEWS = YES;
				GENERATE_INFOPLIST_FILE = YES;
				INFOPLIST_FILE = "DCDC-APP-POC-Info.plist";
				INFOPLIST_KEY_CFBundleDisplayName = "DCDC Observability";
				INFOPLIST_KEY_LSApplicationCategoryType = "public.app-category.entertainment";
				INFOPLIST_KEY_NSMicrophoneUsageDescription = "This app needs microphone access to listen and match audio";
				INFOPLIST_KEY_UIApplicationSceneManifest_Generation = YES;
				INFOPLIST_KEY_UIApplicationSupportsIndirectInputEvents = YES;
				INFOPLIST_KEY_UILaunchScreen_Generation = YES;
				INFOPLIST_KEY_UISupportedInterfaceOrientations_iPad = "UIInterfaceOrientationPortrait UIInterfaceOrientationPortraitUpsideDown UIInterfaceOrientationLandscapeLeft UIInterfaceOrientationLandscapeRight";
				INFOPLIST_KEY_UISupportedInterfaceOrientations_iPhone = "UIInterfaceOrientationPortrait UIInterfaceOrientationLandscapeLeft UIInterfaceOrientationLandscapeRight";
				IPHONEOS_DEPLOYMENT_TARGET = 18.0;
				LD_RUNPATH_SEARCH_PATHS = (
					"$(inherited)",
					"@executable_path/Frameworks",
				);
				MARKETING_VERSION = 1.0;
				PRODUCT_BUNDLE_IDENTIFIER = come.jitu.com.DCDC;
				PRODUCT_NAME = "$(TARGET_NAME)";
				PROVISIONING_PROFILE_SPECIFIER = "";
				SWIFT_EMIT_LOC_STRINGS = YES;
				SWIFT_VERSION = 5.0;
				TARGETED_DEVICE_FAMILY = "1,2";
			};
			name = Debug;
		};
		026A2E632E4D005100F64031 /* Release */ = {
			isa = XCBuildConfiguration;
			buildSettings = {
				ASSETCATALOG_COMPILER_APPICON_NAME = AppIcon;
				ASSETCATALOG_COMPILER_GLOBAL_ACCENT_COLOR_NAME = AccentColor;
				CODE_SIGN_IDENTITY = "Apple Development";
				CODE_SIGN_STYLE = Automatic;
				CURRENT_PROJECT_VERSION = 1;
				DEVELOPMENT_ASSET_PATHS = "";
				DEVELOPMENT_TEAM = 9292Q3JYVD;
				ENABLE_PREVIEWS = YES;
				GENERATE_INFOPLIST_FILE = YES;
				INFOPLIST_FILE = "DCDC-APP-POC-Info.plist";
				INFOPLIST_KEY_CFBundleDisplayName = "DCDC Observability";
				INFOPLIST_KEY_LSApplicationCategoryType = "public.app-category.entertainment";
				INFOPLIST_KEY_NSMicrophoneUsageDescription = "This app needs microphone access to listen and match audio";
				INFOPLIST_KEY_UIApplicationSceneManifest_Generation = YES;
				INFOPLIST_KEY_UIApplicationSupportsIndirectInputEvents = YES;
				INFOPLIST_KEY_UILaunchScreen_Generation = YES;
				INFOPLIST_KEY_UISupportedInterfaceOrientations_iPad = "UIInterfaceOrientationPortrait UIInterfaceOrientationPortraitUpsideDown UIInterfaceOrientationLandscapeLeft UIInterfaceOrientationLandscapeRight";
				INFOPLIST_KEY_UISupportedInterfaceOrientations_iPhone = "UIInterfaceOrientationPortrait UIInterfaceOrientationLandscapeLeft UIInterfaceOrientationLandscapeRight";
				IPHONEOS_DEPLOYMENT_TARGET = 18.0;
				LD_RUNPATH_SEARCH_PATHS = (
					"$(inherited)",
					"@executable_path/Frameworks",
				);
				MARKETING_VERSION = 1.0;
				PRODUCT_BUNDLE_IDENTIFIER = come.jitu.com.DCDC;
				PRODUCT_NAME = "$(TARGET_NAME)";
				PROVISIONING_PROFILE_SPECIFIER = "";
				SWIFT_EMIT_LOC_STRINGS = YES;
				SWIFT_VERSION = 5.0;
				TARGETED_DEVICE_FAMILY = "1,2";
			};
			name = Release;
		};
		026A2E652E4D005100F64031 /* Debug */ = {
			isa = XCBuildConfiguration;
			buildSettings = {
				BUNDLE_LOADER = "$(TEST_HOST)";
				CODE_SIGN_STYLE = Automatic;
				CURRENT_PROJECT_VERSION = 1;
				DEVELOPMENT_TEAM = 6P4F566JRV;
				GENERATE_INFOPLIST_FILE = YES;
				IPHONEOS_DEPLOYMENT_TARGET = 18.5;
				MARKETING_VERSION = 1.0;
				PRODUCT_BUNDLE_IDENTIFIER = "com.poc-dcdc.shazamsignaturegenerator.DCDC-APP-POCTests";
				PRODUCT_NAME = "$(TARGET_NAME)";
				SWIFT_EMIT_LOC_STRINGS = NO;
				SWIFT_VERSION = 5.0;
				TARGETED_DEVICE_FAMILY = "1,2";
				TEST_HOST = "$(BUILT_PRODUCTS_DIR)/DCDC APP POC.app/$(BUNDLE_EXECUTABLE_FOLDER_PATH)/DCDC APP POC";
			};
			name = Debug;
		};
		026A2E662E4D005100F64031 /* Release */ = {
			isa = XCBuildConfiguration;
			buildSettings = {
				BUNDLE_LOADER = "$(TEST_HOST)";
				CODE_SIGN_STYLE = Automatic;
				CURRENT_PROJECT_VERSION = 1;
				DEVELOPMENT_TEAM = 6P4F566JRV;
				GENERATE_INFOPLIST_FILE = YES;
				IPHONEOS_DEPLOYMENT_TARGET = 18.5;
				MARKETING_VERSION = 1.0;
				PRODUCT_BUNDLE_IDENTIFIER = "com.poc-dcdc.shazamsignaturegenerator.DCDC-APP-POCTests";
				PRODUCT_NAME = "$(TARGET_NAME)";
				SWIFT_EMIT_LOC_STRINGS = NO;
				SWIFT_VERSION = 5.0;
				TARGETED_DEVICE_FAMILY = "1,2";
				TEST_HOST = "$(BUILT_PRODUCTS_DIR)/DCDC APP POC.app/$(BUNDLE_EXECUTABLE_FOLDER_PATH)/DCDC APP POC";
			};
			name = Release;
		};
		026A2E682E4D005100F64031 /* Debug */ = {
			isa = XCBuildConfiguration;
			buildSettings = {
				CODE_SIGN_STYLE = Automatic;
				CURRENT_PROJECT_VERSION = 1;
				DEVELOPMENT_TEAM = 6P4F566JRV;
				GENERATE_INFOPLIST_FILE = YES;
				MARKETING_VERSION = 1.0;
				PRODUCT_BUNDLE_IDENTIFIER = "com.poc-dcdc.shazamsignaturegenerator.DCDC-APP-POCUITests";
				PRODUCT_NAME = "$(TARGET_NAME)";
				SWIFT_EMIT_LOC_STRINGS = NO;
				SWIFT_VERSION = 5.0;
				TARGETED_DEVICE_FAMILY = "1,2";
				TEST_TARGET_NAME = "DCDC APP POC";
			};
			name = Debug;
		};
		026A2E692E4D005100F64031 /* Release */ = {
			isa = XCBuildConfiguration;
			buildSettings = {
				CODE_SIGN_STYLE = Automatic;
				CURRENT_PROJECT_VERSION = 1;
				DEVELOPMENT_TEAM = 6P4F566JRV;
				GENERATE_INFOPLIST_FILE = YES;
				MARKETING_VERSION = 1.0;
				PRODUCT_BUNDLE_IDENTIFIER = "com.poc-dcdc.shazamsignaturegenerator.DCDC-APP-POCUITests";
				PRODUCT_NAME = "$(TARGET_NAME)";
				SWIFT_EMIT_LOC_STRINGS = NO;
				SWIFT_VERSION = 5.0;
				TARGETED_DEVICE_FAMILY = "1,2";
				TEST_TARGET_NAME = "DCDC APP POC";
			};
			name = Release;
		};
/* End XCBuildConfiguration section */

/* Begin XCConfigurationList section */
		026A2E3B2E4D004900F64031 /* Build configuration list for PBXProject "DCDC APP POC" */ = {
			isa = XCConfigurationList;
			buildConfigurations = (
				026A2E5F2E4D005100F64031 /* Debug */,
				026A2E602E4D005100F64031 /* Release */,
			);
			defaultConfigurationIsVisible = 0;
			defaultConfigurationName = Release;
		};
		026A2E612E4D005100F64031 /* Build configuration list for PBXNativeTarget "DCDC APP POC" */ = {
			isa = XCConfigurationList;
			buildConfigurations = (
				026A2E622E4D005100F64031 /* Debug */,
				026A2E632E4D005100F64031 /* Release */,
			);
			defaultConfigurationIsVisible = 0;
			defaultConfigurationName = Release;
		};
		026A2E642E4D005100F64031 /* Build configuration list for PBXNativeTarget "DCDC APP POCTests" */ = {
			isa = XCConfigurationList;
			buildConfigurations = (
				026A2E652E4D005100F64031 /* Debug */,
				026A2E662E4D005100F64031 /* Release */,
			);
			defaultConfigurationIsVisible = 0;
			defaultConfigurationName = Release;
		};
		026A2E672E4D005100F64031 /* Build configuration list for PBXNativeTarget "DCDC APP POCUITests" */ = {
			isa = XCConfigurationList;
			buildConfigurations = (
				026A2E682E4D005100F64031 /* Debug */,
				026A2E692E4D005100F64031 /* Release */,
			);
			defaultConfigurationIsVisible = 0;
			defaultConfigurationName = Release;
		};
/* End XCConfigurationList section */
	};
	rootObject = 026A2E382E4D004900F64031 /* Project object */;
}
